// !$*UTF8*$!
{
	archiveVersion = 1;
	classes = {
	};
	objectVersion = 46;
	objects = {

/* Begin PBXBuildFile section */
		CC214C351DA57AAA00CDA383 /* DetailView.swift in Sources */ = {isa = PBXBuildFile; fileRef = CC214C341DA57AAA00CDA383 /* DetailView.swift */; };
		CC286A2B1DA5718100FCBC81 /* AppDelegate.swift in Sources */ = {isa = PBXBuildFile; fileRef = CC286A2A1DA5718100FCBC81 /* AppDelegate.swift */; };
		CC286A2D1DA5718100FCBC81 /* ViewController.swift in Sources */ = {isa = PBXBuildFile; fileRef = CC286A2C1DA5718100FCBC81 /* ViewController.swift */; };
		CC286A301DA5718100FCBC81 /* Main.storyboard in Resources */ = {isa = PBXBuildFile; fileRef = CC286A2E1DA5718100FCBC81 /* Main.storyboard */; };
		CC286A321DA5718100FCBC81 /* Assets.xcassets in Resources */ = {isa = PBXBuildFile; fileRef = CC286A311DA5718100FCBC81 /* Assets.xcassets */; };
		CC286A351DA5718100FCBC81 /* LaunchScreen.storyboard in Resources */ = {isa = PBXBuildFile; fileRef = CC286A331DA5718100FCBC81 /* LaunchScreen.storyboard */; };
		CCE8BBD91DA8206F00275405 /* Movie.swift in Sources */ = {isa = PBXBuildFile; fileRef = CCE8BBD81DA8206F00275405 /* Movie.swift */; };
/* End PBXBuildFile section */

/* Begin PBXFileReference section */
		CC214C341DA57AAA00CDA383 /* DetailView.swift */ = {isa = PBXFileReference; fileEncoding = 4; lastKnownFileType = sourcecode.swift; path = DetailView.swift; sourceTree = "<group>"; };
		CC286A271DA5718100FCBC81 /* MovieList.app */ = {isa = PBXFileReference; explicitFileType = wrapper.application; includeInIndex = 0; path = MovieList.app; sourceTree = BUILT_PRODUCTS_DIR; };
		CC286A2A1DA5718100FCBC81 /* AppDelegate.swift */ = {isa = PBXFileReference; lastKnownFileType = sourcecode.swift; path = AppDelegate.swift; sourceTree = "<group>"; };
		CC286A2C1DA5718100FCBC81 /* ViewController.swift */ = {isa = PBXFileReference; lastKnownFileType = sourcecode.swift; path = ViewController.swift; sourceTree = "<group>"; };
		CC286A2F1DA5718100FCBC81 /* Base */ = {isa = PBXFileReference; lastKnownFileType = file.storyboard; name = Base; path = Base.lproj/Main.storyboard; sourceTree = "<group>"; };
		CC286A311DA5718100FCBC81 /* Assets.xcassets */ = {isa = PBXFileReference; lastKnownFileType = folder.assetcatalog; path = Assets.xcassets; sourceTree = "<group>"; };
		CC286A341DA5718100FCBC81 /* Base */ = {isa = PBXFileReference; lastKnownFileType = file.storyboard; name = Base; path = Base.lproj/LaunchScreen.storyboard; sourceTree = "<group>"; };
		CC286A361DA5718100FCBC81 /* Info.plist */ = {isa = PBXFileReference; lastKnownFileType = text.plist.xml; path = Info.plist; sourceTree = "<group>"; };
		CCE8BBD81DA8206F00275405 /* Movie.swift */ = {isa = PBXFileReference; fileEncoding = 4; lastKnownFileType = sourcecode.swift; path = Movie.swift; sourceTree = "<group>"; };
/* End PBXFileReference section */

/* Begin PBXFrameworksBuildPhase section */
		CC286A241DA5718000FCBC81 /* Frameworks */ = {
			isa = PBXFrameworksBuildPhase;
			buildActionMask = 2147483647;
			files = (
			);
			runOnlyForDeploymentPostprocessing = 0;
		};
/* End PBXFrameworksBuildPhase section */

/* Begin PBXGroup section */
		CC286A1E1DA5718000FCBC81 = {
			isa = PBXGroup;
			children = (
				CC286A291DA5718100FCBC81 /* MovieList */,
				CC286A281DA5718100FCBC81 /* Products */,
			);
			sourceTree = "<group>";
		};
		CC286A281DA5718100FCBC81 /* Products */ = {
			isa = PBXGroup;
			children = (
				CC286A271DA5718100FCBC81 /* MovieList.app */,
			);
			name = Products;
			sourceTree = "<group>";
		};
		CC286A291DA5718100FCBC81 /* MovieList */ = {
			isa = PBXGroup;
			children = (
				CC286A2A1DA5718100FCBC81 /* AppDelegate.swift */,
				CC286A2C1DA5718100FCBC81 /* ViewController.swift */,
				CC214C341DA57AAA00CDA383 /* DetailView.swift */,
				CC286A2E1DA5718100FCBC81 /* Main.storyboard */,
				CC286A311DA5718100FCBC81 /* Assets.xcassets */,
				CC286A331DA5718100FCBC81 /* LaunchScreen.storyboard */,
				CC286A361DA5718100FCBC81 /* Info.plist */,
				CCE8BBD81DA8206F00275405 /* Movie.swift */,
			);
			path = MovieList;
			sourceTree = "<group>";
		};
/* End PBXGroup section */

/* Begin PBXNativeTarget section */
		CC286A261DA5718000FCBC81 /* MovieList */ = {
			isa = PBXNativeTarget;
			buildConfigurationList = CC286A391DA5718100FCBC81 /* Build configuration list for PBXNativeTarget "MovieList" */;
			buildPhases = (
				CC286A231DA5718000FCBC81 /* Sources */,
				CC286A241DA5718000FCBC81 /* Frameworks */,
				CC286A251DA5718000FCBC81 /* Resources */,
			);
			buildRules = (
			);
			dependencies = (
			);
			name = MovieList;
			productName = MovieList;
			productReference = CC286A271DA5718100FCBC81 /* MovieList.app */;
			productType = "com.apple.product-type.application";
		};
/* End PBXNativeTarget section */

/* Begin PBXProject section */
		CC286A1F1DA5718000FCBC81 /* Project object */ = {
			isa = PBXProject;
			attributes = {
				LastSwiftUpdateCheck = 0800;
				LastUpgradeCheck = 0800;
				ORGANIZATIONNAME = PielDeJaguar;
				TargetAttributes = {
					CC286A261DA5718000FCBC81 = {
						CreatedOnToolsVersion = 8.0;
						ProvisioningStyle = Automatic;
					};
				};
			};
			buildConfigurationList = CC286A221DA5718000FCBC81 /* Build configuration list for PBXProject "MovieList" */;
			compatibilityVersion = "Xcode 3.2";
			developmentRegion = English;
			hasScannedForEncodings = 0;
			knownRegions = (
				en,
				Base,
			);
			mainGroup = CC286A1E1DA5718000FCBC81;
			productRefGroup = CC286A281DA5718100FCBC81 /* Products */;
			projectDirPath = "";
			projectRoot = "";
			targets = (
				CC286A261DA5718000FCBC81 /* MovieList */,
			);
		};
/* End PBXProject section */

/* Begin PBXResourcesBuildPhase section */
		CC286A251DA5718000FCBC81 /* Resources */ = {
			isa = PBXResourcesBuildPhase;
			buildActionMask = 2147483647;
			files = (
				CC286A351DA5718100FCBC81 /* LaunchScreen.storyboard in Resources */,
				CC286A321DA5718100FCBC81 /* Assets.xcassets in Resources */,
				CC286A301DA5718100FCBC81 /* Main.storyboard in Resources */,
			);
			runOnlyForDeploymentPostprocessing = 0;
		};
/* End PBXResourcesBuildPhase section */

/* Begin PBXSourcesBuildPhase section */
		CC286A231DA5718000FCBC81 /* Sources */ = {
			isa = PBXSourcesBuildPhase;
			buildActionMask = 2147483647;
			files = (
				CC286A2D1DA5718100FCBC81 /* ViewController.swift in Sources */,
				CC214C351DA57AAA00CDA383 /* DetailView.swift in Sources */,
				CCE8BBD91DA8206F00275405 /* Movie.swift in Sources */,
				CC286A2B1DA5718100FCBC81 /* AppDelegate.swift in Sources */,
			);
			runOnlyForDeploymentPostprocessing = 0;
		};
/* End PBXSourcesBuildPhase section */

/* Begin PBXVariantGroup section */
		CC286A2E1DA5718100FCBC81 /* Main.storyboard */ = {
			isa = PBXVariantGroup;
			children = (
				CC286A2F1DA5718100FCBC81 /* Base */,
			);
			name = Main.storyboard;
			sourceTree = "<group>";
		};
		CC286A331DA5718100FCBC81 /* LaunchScreen.storyboard */ = {
			isa = PBXVariantGroup;
			children = (
				CC286A341DA5718100FCBC81 /* Base */,
			);
			name = LaunchScreen.storyboard;
			sourceTree = "<group>";
		};
/* End PBXVariantGroup section */

/* Begin XCBuildConfiguration section */
		CC286A371DA5718100FCBC81 /* Debug */ = {
			isa = XCBuildConfiguration;
			buildSettings = {
				ALWAYS_SEARCH_USER_PATHS = NO;
				CLANG_ANALYZER_NONNULL = YES;
				CLANG_CXX_LANGUAGE_STANDARD = "gnu++0x";
				CLANG_CXX_LIBRARY = "libc++";
				CLANG_ENABLE_MODULES = YES;
				CLANG_ENABLE_OBJC_ARC = YES;
				CLANG_WARN_BOOL_CONVERSION = YES;
				CLANG_WARN_CONSTANT_CONVERSION = YES;
				CLANG_WARN_DIRECT_OBJC_ISA_USAGE = YES_ERROR;
				CLANG_WARN_DOCUMENTATION_COMMENTS = YES;
				CLANG_WARN_EMPTY_BODY = YES;
				CLANG_WARN_ENUM_CONVERSION = YES;
				CLANG_WARN_INFINITE_RECURSION = YES;
				CLANG_WARN_INT_CONVERSION = YES;
				CLANG_WARN_OBJC_ROOT_CLASS = YES_ERROR;
				CLANG_WARN_SUSPICIOUS_MOVES = YES;
				CLANG_WARN_UNREACHABLE_CODE = YES;
				CLANG_WARN__DUPLICATE_METHOD_MATCH = YES;
				"CODE_SIGN_IDENTITY[sdk=iphoneos*]" = "iPhone Developer";
				COPY_PHASE_STRIP = NO;
				DEBUG_INFORMATION_FORMAT = dwarf;
				ENABLE_STRICT_OBJC_MSGSEND = YES;
				ENABLE_TESTABILITY = YES;
				GCC_C_LANGUAGE_STANDARD = gnu99;
				GCC_DYNAMIC_NO_PIC = NO;
				GCC_NO_COMMON_BLOCKS = YES;
				GCC_OPTIMIZATION_LEVEL = 0;
				GCC_PREPROCESSOR_DEFINITIONS = (
					"DEBUG=1",
					"$(inherited)",
				);
				GCC_WARN_64_TO_32_BIT_CONVERSION = YES;
				GCC_WARN_ABOUT_RETURN_TYPE = YES_ERROR;
				GCC_WARN_UNDECLARED_SELECTOR = YES;
				GCC_WARN_UNINITIALIZED_AUTOS = YES_AGGRESSIVE;
				GCC_WARN_UNUSED_FUNCTION = YES;
				GCC_WARN_UNUSED_VARIABLE = YES;
				IPHONEOS_DEPLOYMENT_TARGET = 10.0;
				MTL_ENABLE_DEBUG_INFO = YES;
				ONLY_ACTIVE_ARCH = YES;
				SDKROOT = iphoneos;
				SWIFT_ACTIVE_COMPILATION_CONDITIONS = DEBUG;
				SWIFT_OPTIMIZATION_LEVEL = "-Onone";
			};
			name = Debug;
		};
		CC286A381DA5718100FCBC81 /* Release */ = {
			isa = XCBuildConfiguration;
			buildSettings = {
				ALWAYS_SEARCH_USER_PATHS = NO;
				CLANG_ANALYZER_NONNULL = YES;
				CLANG_CXX_LANGUAGE_STANDARD = "gnu++0x";
				CLANG_CXX_LIBRARY = "libc++";
				CLANG_ENABLE_MODULES = YES;
				CLANG_ENABLE_OBJC_ARC = YES;
				CLANG_WARN_BOOL_CONVERSION = YES;
				CLANG_WARN_CONSTANT_CONVERSION = YES;
				CLANG_WARN_DIRECT_OBJC_ISA_USAGE = YES_ERROR;
				CLANG_WARN_DOCUMENTATION_COMMENTS = YES;
				CLANG_WARN_EMPTY_BODY = YES;
				CLANG_WARN_ENUM_CONVERSION = YES;
				CLANG_WARN_INFINITE_RECURSION = YES;
				CLANG_WARN_INT_CONVERSION = YES;
				CLANG_WARN_OBJC_ROOT_CLASS = YES_ERROR;
				CLANG_WARN_SUSPICIOUS_MOVES = YES;
				CLANG_WARN_UNREACHABLE_CODE = YES;
				CLANG_WARN__DUPLICATE_METHOD_MATCH = YES;
				"CODE_SIGN_IDENTITY[sdk=iphoneos*]" = "iPhone Developer";
				COPY_PHASE_STRIP = NO;
				DEBUG_INFORMATION_FORMAT = "dwarf-with-dsym";
				ENABLE_NS_ASSERTIONS = NO;
				ENABLE_STRICT_OBJC_MSGSEND = YES;
				GCC_C_LANGUAGE_STANDARD = gnu99;
				GCC_NO_COMMON_BLOCKS = YES;
				GCC_WARN_64_TO_32_BIT_CONVERSION = YES;
				GCC_WARN_ABOUT_RETURN_TYPE = YES_ERROR;
				GCC_WARN_UNDECLARED_SELECTOR = YES;
				GCC_WARN_UNINITIALIZED_AUTOS = YES_AGGRESSIVE;
				GCC_WARN_UNUSED_FUNCTION = YES;
				GCC_WARN_UNUSED_VARIABLE = YES;
				IPHONEOS_DEPLOYMENT_TARGET = 10.0;
				MTL_ENABLE_DEBUG_INFO = NO;
				SDKROOT = iphoneos;
				SWIFT_OPTIMIZATION_LEVEL = "-Owholemodule";
				VALIDATE_PRODUCT = YES;
			};
			name = Release;
		};
		CC286A3A1DA5718100FCBC81 /* Debug */ = {
			isa = XCBuildConfiguration;
			buildSettings = {
				ASSETCATALOG_COMPILER_APPICON_NAME = AppIcon;
				INFOPLIST_FILE = MovieList/Info.plist;
				LD_RUNPATH_SEARCH_PATHS = "$(inherited) @executable_path/Frameworks";
				PRODUCT_BUNDLE_IDENTIFIER = com.PielDeJaguar.MovieList;
				PRODUCT_NAME = "$(TARGET_NAME)";
				SWIFT_VERSION = 3.0;
			};
			name = Debug;
		};
		CC286A3B1DA5718100FCBC81 /* Release */ = {
			isa = XCBuildConfiguration;
			buildSettings = {
				ASSETCATALOG_COMPILER_APPICON_NAME = AppIcon;
				INFOPLIST_FILE = MovieList/Info.plist;
				LD_RUNPATH_SEARCH_PATHS = "$(inherited) @executable_path/Frameworks";
				PRODUCT_BUNDLE_IDENTIFIER = com.PielDeJaguar.MovieList;
				PRODUCT_NAME = "$(TARGET_NAME)";
				SWIFT_VERSION = 3.0;
			};
			name = Release;
		};
/* End XCBuildConfiguration section */

/* Begin XCConfigurationList section */
		CC286A221DA5718000FCBC81 /* Build configuration list for PBXProject "MovieList" */ = {
			isa = XCConfigurationList;
			buildConfigurations = (
				CC286A371DA5718100FCBC81 /* Debug */,
				CC286A381DA5718100FCBC81 /* Release */,
			);
			defaultConfigurationIsVisible = 0;
			defaultConfigurationName = Release;
		};
		CC286A391DA5718100FCBC81 /* Build configuration list for PBXNativeTarget "MovieList" */ = {
			isa = XCConfigurationList;
			buildConfigurations = (
				CC286A3A1DA5718100FCBC81 /* Debug */,
				CC286A3B1DA5718100FCBC81 /* Release */,
			);
			defaultConfigurationIsVisible = 0;
			defaultConfigurationName = Release;
		};
/* End XCConfigurationList section */
	};
	rootObject = CC286A1F1DA5718000FCBC81 /* Project object */;
}
